{
  "pins" : [
    {
      "identity" : "asynctesting",
      "kind" : "remoteSourceControl",
      "location" : "https://github.com/brennanMKE/AsyncTesting.git",
      "state" : {
        "revision" : "e6536bdf752fa3af5c5560e9ed8babb67fa3e386",
        "version" : "0.0.6"
      }
    }
  ],
  "version" : 2
}
